# Reproducible SBE1V1K source inputs.
# The current repository is the OpenWrt working tree; no preparation script is required.
# Official OpenWrt main baseline refreshed on 2026-08-26.
OPENWRT_UPSTREAM_REPOSITORY=https://github.com/openwrt/openwrt.git
OPENWRT_UPSTREAM_MAIN_COMMIT=6c12b87ffc36974b3b24ebc767e8e92023351093

# Device support merged through https://github.com/openwrt/openwrt/pull/21586.
SBE1V1K_UPSTREAM_NVMEM_COMMIT=f1c1d8b76d26abad2231d1fe9814595bb85a144a
SBE1V1K_UPSTREAM_DEVICE_COMMIT=31c49dd07660a8c9a3b8a34f6fb66ec37244c948
SBE1V1K_UPSTREAM_TARGET_COMMIT=3d902d07a9d3ac8dff5807aec18d54bbd25c2d28

# Historical device-support provenance before the upstream merge.
SBE1V1K_DEVICE_REPOSITORY=https://github.com/andrewjlamarche/openwrt.git
SBE1V1K_DEVICE_BRANCH=sbe1v1k
SBE1V1K_DEVICE_COMMIT=525e6238f484876a0551323f9be4599e2945bc84
SBE1V1K_DEVICE_TREE=a3913efb3e6ae889d95bdd76b652e46f2e2b5f2a

# https://github.com/openwrt/openwrt/pull/23786
ATH12K_PER_RADIO_MAC_COMMIT=e811bcdf07a8db43d0b6a33171afe4468a34ba02

# Felix Fietkau's multi-candidate PCI-path proposal, referenced from PR #23840
# and subsequently merged into official OpenWrt main.
WIFI_MULTIPATH_PATCH=https://nbd.name/p/b83be8f0
WIFI_MULTIPATH_STATUS=merged_in_openwrt_main
WIFI_MULTIPATH_UPSTREAM_COMMIT=2c642576270de2606de6d0890fb627066c3a1595

# https://github.com/openwrt/firmware_qca-wireless/pull/123
QCN9274_BDF_COMMIT=74b0985b1d836eb4df868c031f8b8eecbd607772
QCN9274_BDF_SHA256=57ef9bfb61a00bbf5d1d7e4ea7703ee06cdc451b2264f6007cae7c3d8a17fac5

# Official feeds used by feeds.conf.default.
PACKAGES_FEED_COMMIT=c7e6d5ce4252fe3ebe7268cfea1e935cd5f52339
LUCI_FEED_COMMIT=3e12b5338f44562159b6b032591ef5afa611c1e0
ROUTING_FEED_COMMIT=c7872431105f69894201dc522b7560e47d1e8ba9
TELEPHONY_FEED_COMMIT=5d68d53c160a325ea9d03fce393e051573bcc736
VIDEO_FEED_COMMIT=a951381b6c58b9b1eb087f09c9a20cff4ffe8063

# PassWall feeds used only by the full profile.
PASSWALL_PACKAGES_FEED_REPOSITORY=https://github.com/Openwrt-Passwall/openwrt-passwall-packages.git
PASSWALL_PACKAGES_FEED_COMMIT=74316d5b05313023e575f8eba7eec7e2f7bdd52a
PASSWALL_LUCI_FEED_REPOSITORY=https://github.com/Openwrt-Passwall/openwrt-passwall.git
PASSWALL_LUCI_FEED_COMMIT=c22d675218c0125cb3bda382e6bbec91d8c09029

# Optional second-stage U-Boot / HTTP recovery. Not an OpenWrt build dependency.
HTTP_UBOOT_REPOSITORY=https://github.com/YYH2913/http-uboot.git
HTTP_UBOOT_BRANCH=sbe1v1k
HTTP_UBOOT_BRANCH_COMMIT=a8b8fc34c17904b56c1d564417383532f07dfa43
HTTP_UBOOT_RELEASE_TAG=260720
HTTP_UBOOT_RELEASE_COMMIT=f9523ea1405cd946a81b9e8064a801437ca4e995
HTTP_UBOOT_RELEASE_ITB_SIZE=758532
HTTP_UBOOT_RELEASE_ITB_SHA256=2aad05c1ee2574874a4570367a090ebf9af66cc02d23db91365ed0b83ef5d702
